// !$*UTF8*$!
{
	archiveVersion = 1;
	classes = {
	};
	objectVersion = 48;
	objects = {

/* Begin PBXBuildFile section */
		6412C6B3202805DA002E0198 /* AppDelegate.swift in Sources */ = {isa = PBXBuildFile; fileRef = 6412C6B2202805DA002E0198 /* AppDelegate.swift */; };
		6412C6B7202805DA002E0198 /* Assets.xcassets in Resources */ = {isa = PBXBuildFile; fileRef = 6412C6B6202805DA002E0198 /* Assets.xcassets */; };
		6412C6BA202805DA002E0198 /* Main.storyboard in Resources */ = {isa = PBXBuildFile; fileRef = 6412C6B8202805DA002E0198 /* Main.storyboard */; };
		6412C6C6202805DB002E0198 /* familiarTests.swift in Sources */ = {isa = PBXBuildFile; fileRef = 6412C6C5202805DB002E0198 /* familiarTests.swift */; };
		6412C6DA20280630002E0198 /* vocabulary.swift in Sources */ = {isa = PBXBuildFile; fileRef = 6412C6D320280630002E0198 /* vocabulary.swift */; };
		6412C6DB20280630002E0198 /* GitPathTransform.swift in Sources */ = {isa = PBXBuildFile; fileRef = 6412C6D420280630002E0198 /* GitPathTransform.swift */; };
		6412C6DC20280630002E0198 /* FileChangedStream.swift in Sources */ = {isa = PBXBuildFile; fileRef = 6412C6D520280630002E0198 /* FileChangedStream.swift */; };
		6412C6DD20280630002E0198 /* MessagePerceptor.swift in Sources */ = {isa = PBXBuildFile; fileRef = 6412C6D620280630002E0198 /* MessagePerceptor.swift */; };
		6412C6DE20280630002E0198 /* GenericStream.swift in Sources */ = {isa = PBXBuildFile; fileRef = 6412C6D720280630002E0198 /* GenericStream.swift */; };
		6412C6DF20280630002E0198 /* GitReceptor.swift in Sources */ = {isa = PBXBuildFile; fileRef = 6412C6D820280630002E0198 /* GitReceptor.swift */; };
		6412C6E020280630002E0198 /* FileChangedReceptor.swift in Sources */ = {isa = PBXBuildFile; fileRef = 6412C6D920280630002E0198 /* FileChangedReceptor.swift */; };
		6412C6E32028063E002E0198 /* SKQueueDelegateForwarder.swift in Sources */ = {isa = PBXBuildFile; fileRef = 6412C6E12028063E002E0198 /* SKQueueDelegateForwarder.swift */; };
		6412C6E42028063E002E0198 /* WorkspaceDelegate.swift in Sources */ = {isa = PBXBuildFile; fileRef = 6412C6E22028063E002E0198 /* WorkspaceDelegate.swift */; };
		6412C6E62028064B002E0198 /* TextViewController.swift in Sources */ = {isa = PBXBuildFile; fileRef = 6412C6E52028064B002E0198 /* TextViewController.swift */; };
		6412C6E820280663002E0198 /* KQueue.swift in Sources */ = {isa = PBXBuildFile; fileRef = 6412C6E720280663002E0198 /* KQueue.swift */; };
		6412C6EB20280CDB002E0198 /* Result.framework in Frameworks */ = {isa = PBXBuildFile; fileRef = 6412C6E920280CDA002E0198 /* Result.framework */; };
		6412C6EC20280CDB002E0198 /* Result.framework in Embed Frameworks */ = {isa = PBXBuildFile; fileRef = 6412C6E920280CDA002E0198 /* Result.framework */; settings = {ATTRIBUTES = (CodeSignOnCopy, RemoveHeadersOnCopy, ); }; };
		6412C6ED20280CDB002E0198 /* SwiftGit2.framework in Frameworks */ = {isa = PBXBuildFile; fileRef = 6412C6EA20280CDB002E0198 /* SwiftGit2.framework */; };
		6412C6EE20280CDB002E0198 /* SwiftGit2.framework in Embed Frameworks */ = {isa = PBXBuildFile; fileRef = 6412C6EA20280CDB002E0198 /* SwiftGit2.framework */; settings = {ATTRIBUTES = (CodeSignOnCopy, RemoveHeadersOnCopy, ); }; };
		6412C6F320280D02002E0198 /* SwiftGit2.framework.dSYM in CopyFiles */ = {isa = PBXBuildFile; fileRef = 6412C6F120280D01002E0198 /* SwiftGit2.framework.dSYM */; };
		6412C6F420280D02002E0198 /* Result.framework.dSYM in CopyFiles */ = {isa = PBXBuildFile; fileRef = 6412C6F220280D02002E0198 /* Result.framework.dSYM */; };
		645931B6202AA17800B48677 /* LICENSE.txt in Resources */ = {isa = PBXBuildFile; fileRef = 645931B5202AA17800B48677 /* LICENSE.txt */; };
/* End PBXBuildFile section */

/* Begin PBXContainerItemProxy section */
		6412C6C2202805DB002E0198 /* PBXContainerItemProxy */ = {
			isa = PBXContainerItemProxy;
			containerPortal = 6412C6A7202805DA002E0198 /* Project object */;
			proxyType = 1;
			remoteGlobalIDString = 6412C6AE202805DA002E0198;
			remoteInfo = famliar;
		};
/* End PBXContainerItemProxy section */

/* Begin PBXCopyFilesBuildPhase section */
		6412C6EF20280CDB002E0198 /* Embed Frameworks */ = {
			isa = PBXCopyFilesBuildPhase;
			buildActionMask = 2147483647;
			dstPath = "";
			dstSubfolderSpec = 10;
			files = (
				6412C6EE20280CDB002E0198 /* SwiftGit2.framework in Embed Frameworks */,
				6412C6EC20280CDB002E0198 /* Result.framework in Embed Frameworks */,
			);
			name = "Embed Frameworks";
			runOnlyForDeploymentPostprocessing = 0;
		};
		6412C6F020280CF0002E0198 /* CopyFiles */ = {
			isa = PBXCopyFilesBuildPhase;
			buildActionMask = 2147483647;
			dstPath = "";
			dstSubfolderSpec = 7;
			files = (
				6412C6F320280D02002E0198 /* SwiftGit2.framework.dSYM in CopyFiles */,
				6412C6F420280D02002E0198 /* Result.framework.dSYM in CopyFiles */,
			);
			runOnlyForDeploymentPostprocessing = 0;
		};
/* End PBXCopyFilesBuildPhase section */

/* Begin PBXFileReference section */
		6412C6AF202805DA002E0198 /* familiar.app */ = {isa = PBXFileReference; explicitFileType = wrapper.application; includeInIndex = 0; path = familiar.app; sourceTree = BUILT_PRODUCTS_DIR; };
		6412C6B2202805DA002E0198 /* AppDelegate.swift */ = {isa = PBXFileReference; lastKnownFileType = sourcecode.swift; path = AppDelegate.swift; sourceTree = "<group>"; };
		6412C6B6202805DA002E0198 /* Assets.xcassets */ = {isa = PBXFileReference; lastKnownFileType = folder.assetcatalog; path = Assets.xcassets; sourceTree = "<group>"; };
		6412C6B9202805DA002E0198 /* Base */ = {isa = PBXFileReference; lastKnownFileType = file.storyboard; name = Base; path = Base.lproj/Main.storyboard; sourceTree = "<group>"; };
		6412C6BB202805DA002E0198 /* Info.plist */ = {isa = PBXFileReference; lastKnownFileType = text.plist.xml; path = Info.plist; sourceTree = "<group>"; };
		6412C6BC202805DA002E0198 /* familiar.entitlements */ = {isa = PBXFileReference; lastKnownFileType = text.plist.entitlements; path = familiar.entitlements; sourceTree = "<group>"; };
		6412C6C1202805DB002E0198 /* familiarTests.xctest */ = {isa = PBXFileReference; explicitFileType = wrapper.cfbundle; includeInIndex = 0; path = familiarTests.xctest; sourceTree = BUILT_PRODUCTS_DIR; };
		6412C6C5202805DB002E0198 /* familiarTests.swift */ = {isa = PBXFileReference; lastKnownFileType = sourcecode.swift; path = familiarTests.swift; sourceTree = "<group>"; };
		6412C6C7202805DB002E0198 /* Info.plist */ = {isa = PBXFileReference; lastKnownFileType = text.plist.xml; path = Info.plist; sourceTree = "<group>"; };
		6412C6D320280630002E0198 /* vocabulary.swift */ = {isa = PBXFileReference; fileEncoding = 4; lastKnownFileType = sourcecode.swift; path = vocabulary.swift; sourceTree = "<group>"; };
		6412C6D420280630002E0198 /* GitPathTransform.swift */ = {isa = PBXFileReference; fileEncoding = 4; lastKnownFileType = sourcecode.swift; path = GitPathTransform.swift; sourceTree = "<group>"; };
		6412C6D520280630002E0198 /* FileChangedStream.swift */ = {isa = PBXFileReference; fileEncoding = 4; lastKnownFileType = sourcecode.swift; path = FileChangedStream.swift; sourceTree = "<group>"; };
		6412C6D620280630002E0198 /* MessagePerceptor.swift */ = {isa = PBXFileReference; fileEncoding = 4; lastKnownFileType = sourcecode.swift; path = MessagePerceptor.swift; sourceTree = "<group>"; };
		6412C6D720280630002E0198 /* GenericStream.swift */ = {isa = PBXFileReference; fileEncoding = 4; lastKnownFileType = sourcecode.swift; path = GenericStream.swift; sourceTree = "<group>"; };
		6412C6D820280630002E0198 /* GitReceptor.swift */ = {isa = PBXFileReference; fileEncoding = 4; lastKnownFileType = sourcecode.swift; path = GitReceptor.swift; sourceTree = "<group>"; };
		6412C6D920280630002E0198 /* FileChangedReceptor.swift */ = {isa = PBXFileReference; fileEncoding = 4; lastKnownFileType = sourcecode.swift; path = FileChangedReceptor.swift; sourceTree = "<group>"; };
		6412C6E12028063E002E0198 /* SKQueueDelegateForwarder.swift */ = {isa = PBXFileReference; fileEncoding = 4; lastKnownFileType = sourcecode.swift; path = SKQueueDelegateForwarder.swift; sourceTree = "<group>"; };
		6412C6E22028063E002E0198 /* WorkspaceDelegate.swift */ = {isa = PBXFileReference; fileEncoding = 4; lastKnownFileType = sourcecode.swift; path = WorkspaceDelegate.swift; sourceTree = "<group>"; };
		6412C6E52028064B002E0198 /* TextViewController.swift */ = {isa = PBXFileReference; fileEncoding = 4; lastKnownFileType = sourcecode.swift; path = TextViewController.swift; sourceTree = "<group>"; };
		6412C6E720280663002E0198 /* KQueue.swift */ = {isa = PBXFileReference; fileEncoding = 4; lastKnownFileType = sourcecode.swift; path = KQueue.swift; sourceTree = "<group>"; };
		6412C6E920280CDA002E0198 /* Result.framework */ = {isa = PBXFileReference; lastKnownFileType = wrapper.framework; name = Result.framework; path = Carthage/Build/Mac/Result.framework; sourceTree = "<group>"; };
		6412C6EA20280CDB002E0198 /* SwiftGit2.framework */ = {isa = PBXFileReference; lastKnownFileType = wrapper.framework; name = SwiftGit2.framework; path = Carthage/Build/Mac/SwiftGit2.framework; sourceTree = "<group>"; };
		6412C6F120280D01002E0198 /* SwiftGit2.framework.dSYM */ = {isa = PBXFileReference; lastKnownFileType = wrapper.dsym; name = SwiftGit2.framework.dSYM; path = Carthage/Build/Mac/SwiftGit2.framework.dSYM; sourceTree = "<group>"; };
		6412C6F220280D02002E0198 /* Result.framework.dSYM */ = {isa = PBXFileReference; lastKnownFileType = wrapper.dsym; name = Result.framework.dSYM; path = Carthage/Build/Mac/Result.framework.dSYM; sourceTree = "<group>"; };
		645931B5202AA17800B48677 /* LICENSE.txt */ = {isa = PBXFileReference; lastKnownFileType = text; path = LICENSE.txt; sourceTree = "<group>"; };
/* End PBXFileReference section */

/* Begin PBXFrameworksBuildPhase section */
		6412C6AC202805DA002E0198 /* Frameworks */ = {
			isa = PBXFrameworksBuildPhase;
			buildActionMask = 2147483647;
			files = (
				6412C6ED20280CDB002E0198 /* SwiftGit2.framework in Frameworks */,
				6412C6EB20280CDB002E0198 /* Result.framework in Frameworks */,
			);
			runOnlyForDeploymentPostprocessing = 0;
		};
		6412C6BE202805DB002E0198 /* Frameworks */ = {
			isa = PBXFrameworksBuildPhase;
			buildActionMask = 2147483647;
			files = (
			);
			runOnlyForDeploymentPostprocessing = 0;
		};
/* End PBXFrameworksBuildPhase section */

/* Begin PBXGroup section */
		6412C6A6202805DA002E0198 = {
			isa = PBXGroup;
			children = (
				645931B5202AA17800B48677 /* LICENSE.txt */,
				6412C6F220280D02002E0198 /* Result.framework.dSYM */,
				6412C6F120280D01002E0198 /* SwiftGit2.framework.dSYM */,
				6412C6E920280CDA002E0198 /* Result.framework */,
				6412C6EA20280CDB002E0198 /* SwiftGit2.framework */,
				6412C6B1202805DA002E0198 /* familiar */,
				6412C6C4202805DB002E0198 /* famliarTests */,
				6412C6B0202805DA002E0198 /* Products */,
			);
			sourceTree = "<group>";
		};
		6412C6B0202805DA002E0198 /* Products */ = {
			isa = PBXGroup;
			children = (
				6412C6AF202805DA002E0198 /* familiar.app */,
				6412C6C1202805DB002E0198 /* familiarTests.xctest */,
			);
			name = Products;
			sourceTree = "<group>";
		};
		6412C6B1202805DA002E0198 /* familiar */ = {
			isa = PBXGroup;
			children = (
				6412C6E720280663002E0198 /* KQueue.swift */,
				6412C6D220280620002E0198 /* mock_lhvm */,
				6412C6D12028061B002E0198 /* appkit */,
				6412C6D020280616002E0198 /* ui */,
				6412C6B2202805DA002E0198 /* AppDelegate.swift */,
				6412C6B6202805DA002E0198 /* Assets.xcassets */,
				6412C6B8202805DA002E0198 /* Main.storyboard */,
				6412C6BB202805DA002E0198 /* Info.plist */,
				6412C6BC202805DA002E0198 /* familiar.entitlements */,
			);
			path = familiar;
			sourceTree = "<group>";
		};
		6412C6C4202805DB002E0198 /* famliarTests */ = {
			isa = PBXGroup;
			children = (
				6412C6C5202805DB002E0198 /* familiarTests.swift */,
				6412C6C7202805DB002E0198 /* Info.plist */,
			);
			path = famliarTests;
			sourceTree = "<group>";
		};
		6412C6D020280616002E0198 /* ui */ = {
			isa = PBXGroup;
			children = (
				6412C6E52028064B002E0198 /* TextViewController.swift */,
			);
			path = ui;
			sourceTree = "<group>";
		};
		6412C6D12028061B002E0198 /* appkit */ = {
			isa = PBXGroup;
			children = (
				6412C6E12028063E002E0198 /* SKQueueDelegateForwarder.swift */,
				6412C6E22028063E002E0198 /* WorkspaceDelegate.swift */,
			);
			path = appkit;
			sourceTree = "<group>";
		};
		6412C6D220280620002E0198 /* mock_lhvm */ = {
			isa = PBXGroup;
			children = (
				6412C6D920280630002E0198 /* FileChangedReceptor.swift */,
				6412C6D520280630002E0198 /* FileChangedStream.swift */,
				6412C6D720280630002E0198 /* GenericStream.swift */,
				6412C6D420280630002E0198 /* GitPathTransform.swift */,
				6412C6D820280630002E0198 /* GitReceptor.swift */,
				6412C6D620280630002E0198 /* MessagePerceptor.swift */,
				6412C6D320280630002E0198 /* vocabulary.swift */,
			);
			path = mock_lhvm;
			sourceTree = "<group>";
		};
/* End PBXGroup section */

/* Begin PBXNativeTarget section */
		6412C6AE202805DA002E0198 /* familiar */ = {
			isa = PBXNativeTarget;
			buildConfigurationList = 6412C6CA202805DB002E0198 /* Build configuration list for PBXNativeTarget "familiar" */;
			buildPhases = (
				6412C6AB202805DA002E0198 /* Sources */,
				6412C6AC202805DA002E0198 /* Frameworks */,
				6412C6AD202805DA002E0198 /* Resources */,
				6412C6EF20280CDB002E0198 /* Embed Frameworks */,
				6412C6F020280CF0002E0198 /* CopyFiles */,
			);
			buildRules = (
			);
			dependencies = (
			);
			name = familiar;
			productName = famliar;
			productReference = 6412C6AF202805DA002E0198 /* familiar.app */;
			productType = "com.apple.product-type.application";
		};
		6412C6C0202805DB002E0198 /* familiarTests */ = {
			isa = PBXNativeTarget;
			buildConfigurationList = 6412C6CD202805DB002E0198 /* Build configuration list for PBXNativeTarget "familiarTests" */;
			buildPhases = (
				6412C6BD202805DB002E0198 /* Sources */,
				6412C6BE202805DB002E0198 /* Frameworks */,
				6412C6BF202805DB002E0198 /* Resources */,
			);
			buildRules = (
			);
			dependencies = (
				6412C6C3202805DB002E0198 /* PBXTargetDependency */,
			);
			name = familiarTests;
			productName = famliarTests;
			productReference = 6412C6C1202805DB002E0198 /* familiarTests.xctest */;
			productType = "com.apple.product-type.bundle.unit-test";
		};
/* End PBXNativeTarget section */

/* Begin PBXProject section */
		6412C6A7202805DA002E0198 /* Project object */ = {
			isa = PBXProject;
			attributes = {
				LastSwiftUpdateCheck = 0920;
				LastUpgradeCheck = 0920;
				ORGANIZATIONNAME = "Skyleaf Design LLC";
				TargetAttributes = {
					6412C6AE202805DA002E0198 = {
						CreatedOnToolsVersion = 9.2;
						ProvisioningStyle = Automatic;
					};
					6412C6C0202805DB002E0198 = {
						CreatedOnToolsVersion = 9.2;
						ProvisioningStyle = Automatic;
						TestTargetID = 6412C6AE202805DA002E0198;
					};
				};
			};
			buildConfigurationList = 6412C6AA202805DA002E0198 /* Build configuration list for PBXProject "familiar" */;
			compatibilityVersion = "Xcode 8.0";
			developmentRegion = en;
			hasScannedForEncodings = 0;
			knownRegions = (
				en,
				Base,
			);
			mainGroup = 6412C6A6202805DA002E0198;
			productRefGroup = 6412C6B0202805DA002E0198 /* Products */;
			projectDirPath = "";
			projectRoot = "";
			targets = (
				6412C6AE202805DA002E0198 /* familiar */,
				6412C6C0202805DB002E0198 /* familiarTests */,
			);
		};
/* End PBXProject section */

/* Begin PBXResourcesBuildPhase section */
		6412C6AD202805DA002E0198 /* Resources */ = {
			isa = PBXResourcesBuildPhase;
			buildActionMask = 2147483647;
			files = (
				645931B6202AA17800B48677 /* LICENSE.txt in Resources */,
				6412C6B7202805DA002E0198 /* Assets.xcassets in Resources */,
				6412C6BA202805DA002E0198 /* Main.storyboard in Resources */,
			);
			runOnlyForDeploymentPostprocessing = 0;
		};
		6412C6BF202805DB002E0198 /* Resources */ = {
			isa = PBXResourcesBuildPhase;
			buildActionMask = 2147483647;
			files = (
			);
			runOnlyForDeploymentPostprocessing = 0;
		};
/* End PBXResourcesBuildPhase section */

/* Begin PBXSourcesBuildPhase section */
		6412C6AB202805DA002E0198 /* Sources */ = {
			isa = PBXSourcesBuildPhase;
			buildActionMask = 2147483647;
			files = (
				6412C6DD20280630002E0198 /* MessagePerceptor.swift in Sources */,
				6412C6DA20280630002E0198 /* vocabulary.swift in Sources */,
				6412C6DB20280630002E0198 /* GitPathTransform.swift in Sources */,
				6412C6E42028063E002E0198 /* WorkspaceDelegate.swift in Sources */,
				6412C6DF20280630002E0198 /* GitReceptor.swift in Sources */,
				6412C6E020280630002E0198 /* FileChangedReceptor.swift in Sources */,
				6412C6DC20280630002E0198 /* FileChangedStream.swift in Sources */,
				6412C6B3202805DA002E0198 /* AppDelegate.swift in Sources */,
				6412C6DE20280630002E0198 /* GenericStream.swift in Sources */,
				6412C6E32028063E002E0198 /* SKQueueDelegateForwarder.swift in Sources */,
				6412C6E62028064B002E0198 /* TextViewController.swift in Sources */,
				6412C6E820280663002E0198 /* KQueue.swift in Sources */,
			);
			runOnlyForDeploymentPostprocessing = 0;
		};
		6412C6BD202805DB002E0198 /* Sources */ = {
			isa = PBXSourcesBuildPhase;
			buildActionMask = 2147483647;
			files = (
				6412C6C6202805DB002E0198 /* familiarTests.swift in Sources */,
			);
			runOnlyForDeploymentPostprocessing = 0;
		};
/* End PBXSourcesBuildPhase section */

/* Begin PBXTargetDependency section */
		6412C6C3202805DB002E0198 /* PBXTargetDependency */ = {
			isa = PBXTargetDependency;
			target = 6412C6AE202805DA002E0198 /* familiar */;
			targetProxy = 6412C6C2202805DB002E0198 /* PBXContainerItemProxy */;
		};
/* End PBXTargetDependency section */

/* Begin PBXVariantGroup section */
		6412C6B8202805DA002E0198 /* Main.storyboard */ = {
			isa = PBXVariantGroup;
			children = (
				6412C6B9202805DA002E0198 /* Base */,
			);
			name = Main.storyboard;
			sourceTree = "<group>";
		};
/* End PBXVariantGroup section */

/* Begin XCBuildConfiguration section */
		6412C6C8202805DB002E0198 /* Debug */ = {
			isa = XCBuildConfiguration;
			buildSettings = {
				ALWAYS_SEARCH_USER_PATHS = NO;
				CLANG_ANALYZER_NONNULL = YES;
				CLANG_ANALYZER_NUMBER_OBJECT_CONVERSION = YES_AGGRESSIVE;
				CLANG_CXX_LANGUAGE_STANDARD = "gnu++14";
				CLANG_CXX_LIBRARY = "libc++";
				CLANG_ENABLE_MODULES = YES;
				CLANG_ENABLE_OBJC_ARC = YES;
				CLANG_WARN_BLOCK_CAPTURE_AUTORELEASING = YES;
				CLANG_WARN_BOOL_CONVERSION = YES;
				CLANG_WARN_COMMA = YES;
				CLANG_WARN_CONSTANT_CONVERSION = YES;
				CLANG_WARN_DIRECT_OBJC_ISA_USAGE = YES_ERROR;
				CLANG_WARN_DOCUMENTATION_COMMENTS = YES;
				CLANG_WARN_EMPTY_BODY = YES;
				CLANG_WARN_ENUM_CONVERSION = YES;
				CLANG_WARN_INFINITE_RECURSION = YES;
				CLANG_WARN_INT_CONVERSION = YES;
				CLANG_WARN_NON_LITERAL_NULL_CONVERSION = YES;
				CLANG_WARN_OBJC_LITERAL_CONVERSION = YES;
				CLANG_WARN_OBJC_ROOT_CLASS = YES_ERROR;
				CLANG_WARN_RANGE_LOOP_ANALYSIS = YES;
				CLANG_WARN_STRICT_PROTOTYPES = YES;
				CLANG_WARN_SUSPICIOUS_MOVE = YES;
				CLANG_WARN_UNGUARDED_AVAILABILITY = YES_AGGRESSIVE;
				CLANG_WARN_UNREACHABLE_CODE = YES;
				CLANG_WARN__DUPLICATE_METHOD_MATCH = YES;
				CODE_SIGN_IDENTITY = "Mac Developer";
				COPY_PHASE_STRIP = NO;
				DEBUG_INFORMATION_FORMAT = dwarf;
				ENABLE_STRICT_OBJC_MSGSEND = YES;
				ENABLE_TESTABILITY = YES;
				GCC_C_LANGUAGE_STANDARD = gnu11;
				GCC_DYNAMIC_NO_PIC = NO;
				GCC_NO_COMMON_BLOCKS = YES;
				GCC_OPTIMIZATION_LEVEL = 0;
				GCC_PREPROCESSOR_DEFINITIONS = (
					"DEBUG=1",
					"$(inherited)",
				);
				GCC_WARN_64_TO_32_BIT_CONVERSION = YES;
				GCC_WARN_ABOUT_RETURN_TYPE = YES_ERROR;
				GCC_WARN_UNDECLARED_SELECTOR = YES;
				GCC_WARN_UNINITIALIZED_AUTOS = YES_AGGRESSIVE;
				GCC_WARN_UNUSED_FUNCTION = YES;
				GCC_WARN_UNUSED_VARIABLE = YES;
				MACOSX_DEPLOYMENT_TARGET = 10.12;
				MTL_ENABLE_DEBUG_INFO = YES;
				ONLY_ACTIVE_ARCH = YES;
				SDKROOT = macosx;
				SWIFT_ACTIVE_COMPILATION_CONDITIONS = DEBUG;
				SWIFT_OPTIMIZATION_LEVEL = "-Onone";
			};
			name = Debug;
		};
		6412C6C9202805DB002E0198 /* Release */ = {
			isa = XCBuildConfiguration;
			buildSettings = {
				ALWAYS_SEARCH_USER_PATHS = NO;
				CLANG_ANALYZER_NONNULL = YES;
				CLANG_ANALYZER_NUMBER_OBJECT_CONVERSION = YES_AGGRESSIVE;
				CLANG_CXX_LANGUAGE_STANDARD = "gnu++14";
				CLANG_CXX_LIBRARY = "libc++";
				CLANG_ENABLE_MODULES = YES;
				CLANG_ENABLE_OBJC_ARC = YES;
				CLANG_WARN_BLOCK_CAPTURE_AUTORELEASING = YES;
				CLANG_WARN_BOOL_CONVERSION = YES;
				CLANG_WARN_COMMA = YES;
				CLANG_WARN_CONSTANT_CONVERSION = YES;
				CLANG_WARN_DIRECT_OBJC_ISA_USAGE = YES_ERROR;
				CLANG_WARN_DOCUMENTATION_COMMENTS = YES;
				CLANG_WARN_EMPTY_BODY = YES;
				CLANG_WARN_ENUM_CONVERSION = YES;
				CLANG_WARN_INFINITE_RECURSION = YES;
				CLANG_WARN_INT_CONVERSION = YES;
				CLANG_WARN_NON_LITERAL_NULL_CONVERSION = YES;
				CLANG_WARN_OBJC_LITERAL_CONVERSION = YES;
				CLANG_WARN_OBJC_ROOT_CLASS = YES_ERROR;
				CLANG_WARN_RANGE_LOOP_ANALYSIS = YES;
				CLANG_WARN_STRICT_PROTOTYPES = YES;
				CLANG_WARN_SUSPICIOUS_MOVE = YES;
				CLANG_WARN_UNGUARDED_AVAILABILITY = YES_AGGRESSIVE;
				CLANG_WARN_UNREACHABLE_CODE = YES;
				CLANG_WARN__DUPLICATE_METHOD_MATCH = YES;
				CODE_SIGN_IDENTITY = "Mac Developer";
				COPY_PHASE_STRIP = NO;
				DEBUG_INFORMATION_FORMAT = "dwarf-with-dsym";
				ENABLE_NS_ASSERTIONS = NO;
				ENABLE_STRICT_OBJC_MSGSEND = YES;
				GCC_C_LANGUAGE_STANDARD = gnu11;
				GCC_NO_COMMON_BLOCKS = YES;
				GCC_WARN_64_TO_32_BIT_CONVERSION = YES;
				GCC_WARN_ABOUT_RETURN_TYPE = YES_ERROR;
				GCC_WARN_UNDECLARED_SELECTOR = YES;
				GCC_WARN_UNINITIALIZED_AUTOS = YES_AGGRESSIVE;
				GCC_WARN_UNUSED_FUNCTION = YES;
				GCC_WARN_UNUSED_VARIABLE = YES;
				MACOSX_DEPLOYMENT_TARGET = 10.12;
				MTL_ENABLE_DEBUG_INFO = NO;
				SDKROOT = macosx;
				SWIFT_OPTIMIZATION_LEVEL = "-Owholemodule";
			};
			name = Release;
		};
		6412C6CB202805DB002E0198 /* Debug */ = {
			isa = XCBuildConfiguration;
			buildSettings = {
				ASSETCATALOG_COMPILER_APPICON_NAME = AppIcon;
				CODE_SIGN_ENTITLEMENTS = familiar/familiar.entitlements;
				CODE_SIGN_STYLE = Automatic;
				COMBINE_HIDPI_IMAGES = YES;
				DEVELOPMENT_TEAM = D48QC892LT;
				FRAMEWORK_SEARCH_PATHS = (
					"$(inherited)",
					"$(PROJECT_DIR)/Carthage/Build/Mac",
				);
				INFOPLIST_FILE = familiar/Info.plist;
				LD_RUNPATH_SEARCH_PATHS = "$(inherited) @executable_path/../Frameworks";
				PRODUCT_BUNDLE_IDENTIFIER = com.skyleafdesign.familiar;
				PRODUCT_NAME = "$(TARGET_NAME)";
				SWIFT_VERSION = 4.0;
			};
			name = Debug;
		};
		6412C6CC202805DB002E0198 /* Release */ = {
			isa = XCBuildConfiguration;
			buildSettings = {
				ASSETCATALOG_COMPILER_APPICON_NAME = AppIcon;
				CODE_SIGN_ENTITLEMENTS = familiar/familiar.entitlements;
				CODE_SIGN_STYLE = Automatic;
				COMBINE_HIDPI_IMAGES = YES;
				DEVELOPMENT_TEAM = D48QC892LT;
				FRAMEWORK_SEARCH_PATHS = (
					"$(inherited)",
					"$(PROJECT_DIR)/Carthage/Build/Mac",
				);
				INFOPLIST_FILE = familiar/Info.plist;
				LD_RUNPATH_SEARCH_PATHS = "$(inherited) @executable_path/../Frameworks";
				PRODUCT_BUNDLE_IDENTIFIER = com.skyleafdesign.familiar;
				PRODUCT_NAME = "$(TARGET_NAME)";
				SWIFT_VERSION = 4.0;
			};
			name = Release;
		};
		6412C6CE202805DB002E0198 /* Debug */ = {
			isa = XCBuildConfiguration;
			buildSettings = {
				ALWAYS_EMBED_SWIFT_STANDARD_LIBRARIES = YES;
				BUNDLE_LOADER = "$(TEST_HOST)";
				CODE_SIGN_STYLE = Automatic;
				COMBINE_HIDPI_IMAGES = YES;
				DEVELOPMENT_TEAM = D48QC892LT;
				INFOPLIST_FILE = familiarTests/Info.plist;
				LD_RUNPATH_SEARCH_PATHS = "$(inherited) @executable_path/../Frameworks @loader_path/../Frameworks";
				PRODUCT_BUNDLE_IDENTIFIER = com.skyleafdesign.familiarTests;
				PRODUCT_NAME = "$(TARGET_NAME)";
				SWIFT_VERSION = 4.0;
				TEST_HOST = "$(BUILT_PRODUCTS_DIR)/familiar.app/Contents/MacOS/familiar";
			};
			name = Debug;
		};
		6412C6CF202805DB002E0198 /* Release */ = {
			isa = XCBuildConfiguration;
			buildSettings = {
				ALWAYS_EMBED_SWIFT_STANDARD_LIBRARIES = YES;
				BUNDLE_LOADER = "$(TEST_HOST)";
				CODE_SIGN_STYLE = Automatic;
				COMBINE_HIDPI_IMAGES = YES;
				DEVELOPMENT_TEAM = D48QC892LT;
				INFOPLIST_FILE = familiarTests/Info.plist;
				LD_RUNPATH_SEARCH_PATHS = "$(inherited) @executable_path/../Frameworks @loader_path/../Frameworks";
				PRODUCT_BUNDLE_IDENTIFIER = com.skyleafdesign.familiarTests;
				PRODUCT_NAME = "$(TARGET_NAME)";
				SWIFT_VERSION = 4.0;
				TEST_HOST = "$(BUILT_PRODUCTS_DIR)/familiar.app/Contents/MacOS/familiar";
			};
			name = Release;
		};
/* End XCBuildConfiguration section */

/* Begin XCConfigurationList section */
		6412C6AA202805DA002E0198 /* Build configuration list for PBXProject "familiar" */ = {
			isa = XCConfigurationList;
			buildConfigurations = (
				6412C6C8202805DB002E0198 /* Debug */,
				6412C6C9202805DB002E0198 /* Release */,
			);
			defaultConfigurationIsVisible = 0;
			defaultConfigurationName = Release;
		};
		6412C6CA202805DB002E0198 /* Build configuration list for PBXNativeTarget "familiar" */ = {
			isa = XCConfigurationList;
			buildConfigurations = (
				6412C6CB202805DB002E0198 /* Debug */,
				6412C6CC202805DB002E0198 /* Release */,
			);
			defaultConfigurationIsVisible = 0;
			defaultConfigurationName = Release;
		};
		6412C6CD202805DB002E0198 /* Build configuration list for PBXNativeTarget "familiarTests" */ = {
			isa = XCConfigurationList;
			buildConfigurations = (
				6412C6CE202805DB002E0198 /* Debug */,
				6412C6CF202805DB002E0198 /* Release */,
			);
			defaultConfigurationIsVisible = 0;
			defaultConfigurationName = Release;
		};
/* End XCConfigurationList section */
	};
	rootObject = 6412C6A7202805DA002E0198 /* Project object */;
}
